
Microsoft Visual Studio Solution File, Format Version 12.00
# Visual Studio Version 17
VisualStudioVersion = 17.4.33213.308
MinimumVisualStudioVersion = 10.0.40219.1
Project("{FAE04EC0-301F-11D3-BF4B-00C04F79EFBC}") = "Airoha_ANC", "Airoha_ANC.csproj", "{5D04190E-B710-4AD5-B7DA-EB78DD76B77A}"
EndProject
Project("{FAE04EC0-301F-11D3-BF4B-00C04F79EFBC}") = "ConsoleApp1", "..\ConsoleApp1\ConsoleApp1.csproj", "{327E2EC2-7CA1-43A7-9BD8-C83D4037AF06}"
EndProject
Global
	GlobalSection(SolutionConfigurationPlatforms) = preSolution
		Debug|Any CPU = Debug|Any CPU
		Release|Any CPU = Release|Any CPU
	EndGlobalSection
	GlobalSection(ProjectConfigurationPlatforms) = postSolution
		{5D04190E-B710-4AD5-B7DA-EB78DD76B77A}.Debug|Any CPU.ActiveCfg = Debug|Any CPU
		{5D04190E-B710-4AD5-B7DA-EB78DD76B77A}.Debug|Any CPU.Build.0 = Debug|Any CPU
		{5D04190E-B710-4AD5-B7DA-EB78DD76B77A}.Release|Any CPU.ActiveCfg = Release|Any CPU
		{5D04190E-B710-4AD5-B7DA-EB78DD76B77A}.Release|Any CPU.Build.0 = Release|Any CPU
		{327E2EC2-7CA1-43A7-9BD8-C83D4037AF06}.Debug|Any CPU.ActiveCfg = Debug|Any CPU
		{327E2EC2-7CA1-43A7-9BD8-C83D4037AF06}.Debug|Any CPU.Build.0 = Debug|Any CPU
		{327E2EC2-7CA1-43A7-9BD8-C83D4037AF06}.Release|Any CPU.ActiveCfg = Release|Any CPU
		{327E2EC2-7CA1-43A7-9BD8-C83D4037AF06}.Release|Any CPU.Build.0 = Release|Any CPU
	EndGlobalSection
	GlobalSection(SolutionProperties) = preSolution
		HideSolutionNode = FALSE
	EndGlobalSection
	GlobalSection(ExtensibilityGlobals) = postSolution
		SolutionGuid = {7D61D7F0-87B7-4CFA-AB12-EF1812C8DF3D}
	EndGlobalSection
EndGlobal
