
Microsoft Visual Studio Solution File, Format Version 12.00
# Visual Studio Version 17
VisualStudioVersion = 17.2.32505.173
MinimumVisualStudioVersion = 10.0.40219.1
Project("{FAE04EC0-301F-11D3-BF4B-00C04F79EFBC}") = "MT8852B", "MT8852B\MT8852B.csproj", "{348E4D21-EA0C-4930-B0B0-C69500E6E466}"
EndProject
Project("{FAE04EC0-301F-11D3-BF4B-00C04F79EFBC}") = "ConsoleApp1", "ConsoleApp1\ConsoleApp1.csproj", "{B1283528-2051-43F4-8C52-DA46269D8EB4}"
EndProject
Global
	GlobalSection(SolutionConfigurationPlatforms) = preSolution
		Debug|Any CPU = Debug|Any CPU
		Release|Any CPU = Release|Any CPU
	EndGlobalSection
	GlobalSection(ProjectConfigurationPlatforms) = postSolution
		{348E4D21-EA0C-4930-B0B0-C69500E6E466}.Debug|Any CPU.ActiveCfg = Debug|Any CPU
		{348E4D21-EA0C-4930-B0B0-C69500E6E466}.Debug|Any CPU.Build.0 = Debug|Any CPU
		{348E4D21-EA0C-4930-B0B0-C69500E6E466}.Release|Any CPU.ActiveCfg = Release|Any CPU
		{348E4D21-EA0C-4930-B0B0-C69500E6E466}.Release|Any CPU.Build.0 = Release|Any CPU
		{B1283528-2051-43F4-8C52-DA46269D8EB4}.Debug|Any CPU.ActiveCfg = Debug|Any CPU
		{B1283528-2051-43F4-8C52-DA46269D8EB4}.Debug|Any CPU.Build.0 = Debug|Any CPU
		{B1283528-2051-43F4-8C52-DA46269D8EB4}.Release|Any CPU.ActiveCfg = Release|Any CPU
		{B1283528-2051-43F4-8C52-DA46269D8EB4}.Release|Any CPU.Build.0 = Release|Any CPU
	EndGlobalSection
	GlobalSection(SolutionProperties) = preSolution
		HideSolutionNode = FALSE
	EndGlobalSection
	GlobalSection(ExtensibilityGlobals) = postSolution
		SolutionGuid = {0A098034-003B-42FC-AD12-6597F6B1E244}
	EndGlobalSection
EndGlobal
