
Microsoft Visual Studio Solution File, Format Version 12.00
# Visual Studio Version 17
VisualStudioVersion = 17.2.32630.192
MinimumVisualStudioVersion = 10.0.40219.1
Project("{FAE04EC0-301F-11D3-BF4B-00C04F79EFBC}") = "SimpleHIDWrite", "SimpleHIDWrite.csproj", "{A0E99927-A578-4CD1-858B-625B01F3ECA3}"
EndProject
Global
	GlobalSection(SolutionConfigurationPlatforms) = preSolution
		Debug|Any CPU = Debug|Any CPU
		Release|Any CPU = Release|Any CPU
	EndGlobalSection
	GlobalSection(ProjectConfigurationPlatforms) = postSolution
		{A0E99927-A578-4CD1-858B-625B01F3ECA3}.Debug|Any CPU.ActiveCfg = Debug|Any CPU
		{A0E99927-A578-4CD1-858B-625B01F3ECA3}.Debug|Any CPU.Build.0 = Debug|Any CPU
		{A0E99927-A578-4CD1-858B-625B01F3ECA3}.Release|Any CPU.ActiveCfg = Release|Any CPU
		{A0E99927-A578-4CD1-858B-625B01F3ECA3}.Release|Any CPU.Build.0 = Release|Any CPU
	EndGlobalSection
	GlobalSection(SolutionProperties) = preSolution
		HideSolutionNode = FALSE
	EndGlobalSection
	GlobalSection(ExtensibilityGlobals) = postSolution
		SolutionGuid = {7BD22D9E-AE5D-4255-8652-C897F4331803}
	EndGlobalSection
EndGlobal
