
Microsoft Visual Studio Solution File, Format Version 12.00
# Visual Studio Version 17
VisualStudioVersion = 17.4.33213.308
MinimumVisualStudioVersion = 10.0.40219.1
Project("{FAE04EC0-301F-11D3-BF4B-00C04F79EFBC}") = "CRY574", "CRY574.csproj", "{FDE82F5B-64B8-41BC-BCA9-55A4F8170B1A}"
EndProject
Project("{FAE04EC0-301F-11D3-BF4B-00C04F79EFBC}") = "ConsoleApp1", "ConsoleApp1\ConsoleApp1.csproj", "{7A795ECB-34AD-4BEF-B323-3EBD71B86D1C}"
EndProject
Global
	GlobalSection(SolutionConfigurationPlatforms) = preSolution
		Debug|Any CPU = Debug|Any CPU
		Release|Any CPU = Release|Any CPU
	EndGlobalSection
	GlobalSection(ProjectConfigurationPlatforms) = postSolution
		{FDE82F5B-64B8-41BC-BCA9-55A4F8170B1A}.Debug|Any CPU.ActiveCfg = Debug|Any CPU
		{FDE82F5B-64B8-41BC-BCA9-55A4F8170B1A}.Debug|Any CPU.Build.0 = Debug|Any CPU
		{FDE82F5B-64B8-41BC-BCA9-55A4F8170B1A}.Release|Any CPU.ActiveCfg = Release|Any CPU
		{FDE82F5B-64B8-41BC-BCA9-55A4F8170B1A}.Release|Any CPU.Build.0 = Release|Any CPU
		{7A795ECB-34AD-4BEF-B323-3EBD71B86D1C}.Debug|Any CPU.ActiveCfg = Debug|Any CPU
		{7A795ECB-34AD-4BEF-B323-3EBD71B86D1C}.Debug|Any CPU.Build.0 = Debug|Any CPU
		{7A795ECB-34AD-4BEF-B323-3EBD71B86D1C}.Release|Any CPU.ActiveCfg = Release|Any CPU
		{7A795ECB-34AD-4BEF-B323-3EBD71B86D1C}.Release|Any CPU.Build.0 = Release|Any CPU
	EndGlobalSection
	GlobalSection(SolutionProperties) = preSolution
		HideSolutionNode = FALSE
	EndGlobalSection
	GlobalSection(ExtensibilityGlobals) = postSolution
		SolutionGuid = {D0E3D0E4-5884-4AEA-8A2F-BBA101154756}
	EndGlobalSection
EndGlobal
