
Microsoft Visual Studio Solution File, Format Version 12.00
# Visual Studio Version 17
VisualStudioVersion = 17.4.33213.308
MinimumVisualStudioVersion = 10.0.40219.1
Project("{FAE04EC0-301F-11D3-BF4B-00C04F79EFBC}") = "DM5D_V1", "DM5D_V1\DM5D_V1.csproj", "{704BE9DB-1EE3-45C5-9379-C8D6CA2956EE}"
EndProject
Project("{FAE04EC0-301F-11D3-BF4B-00C04F79EFBC}") = "ConsoleApp1", "ConsoleApp1\ConsoleApp1.csproj", "{148F8190-5147-4EDD-84FD-62B062ECCBBF}"
EndProject
Global
	GlobalSection(SolutionConfigurationPlatforms) = preSolution
		Debug|Any CPU = Debug|Any CPU
		Release|Any CPU = Release|Any CPU
	EndGlobalSection
	GlobalSection(ProjectConfigurationPlatforms) = postSolution
		{704BE9DB-1EE3-45C5-9379-C8D6CA2956EE}.Debug|Any CPU.ActiveCfg = Debug|Any CPU
		{704BE9DB-1EE3-45C5-9379-C8D6CA2956EE}.Debug|Any CPU.Build.0 = Debug|Any CPU
		{704BE9DB-1EE3-45C5-9379-C8D6CA2956EE}.Release|Any CPU.ActiveCfg = Release|Any CPU
		{704BE9DB-1EE3-45C5-9379-C8D6CA2956EE}.Release|Any CPU.Build.0 = Release|Any CPU
		{148F8190-5147-4EDD-84FD-62B062ECCBBF}.Debug|Any CPU.ActiveCfg = Debug|Any CPU
		{148F8190-5147-4EDD-84FD-62B062ECCBBF}.Debug|Any CPU.Build.0 = Debug|Any CPU
		{148F8190-5147-4EDD-84FD-62B062ECCBBF}.Release|Any CPU.ActiveCfg = Release|Any CPU
		{148F8190-5147-4EDD-84FD-62B062ECCBBF}.Release|Any CPU.Build.0 = Release|Any CPU
	EndGlobalSection
	GlobalSection(SolutionProperties) = preSolution
		HideSolutionNode = FALSE
	EndGlobalSection
	GlobalSection(ExtensibilityGlobals) = postSolution
		SolutionGuid = {98FE9886-206B-49AC-9AB1-3594F4B5BACE}
	EndGlobalSection
EndGlobal
