
Microsoft Visual Studio Solution File, Format Version 12.00
# Visual Studio Version 16
VisualStudioVersion = 16.0.31112.23
MinimumVisualStudioVersion = 10.0.40219.1
Project("{FAE04EC0-301F-11D3-BF4B-00C04F79EFBC}") = "Config_ini", "Config_ini.csproj", "{23A53948-8855-4F40-AEEC-9A9306723691}"
EndProject
Global
	GlobalSection(SolutionConfigurationPlatforms) = preSolution
		Debug|Any CPU = Debug|Any CPU
		Release|Any CPU = Release|Any CPU
	EndGlobalSection
	GlobalSection(ProjectConfigurationPlatforms) = postSolution
		{23A53948-8855-4F40-AEEC-9A9306723691}.Debug|Any CPU.ActiveCfg = Debug|Any CPU
		{23A53948-8855-4F40-AEEC-9A9306723691}.Debug|Any CPU.Build.0 = Debug|Any CPU
		{23A53948-8855-4F40-AEEC-9A9306723691}.Release|Any CPU.ActiveCfg = Release|Any CPU
		{23A53948-8855-4F40-AEEC-9A9306723691}.Release|Any CPU.Build.0 = Release|Any CPU
	EndGlobalSection
	GlobalSection(SolutionProperties) = preSolution
		HideSolutionNode = FALSE
	EndGlobalSection
	GlobalSection(ExtensibilityGlobals) = postSolution
		SolutionGuid = {A809753D-82F4-45EE-9219-A006D7FAED1E}
	EndGlobalSection
EndGlobal
