
Microsoft Visual Studio Solution File, Format Version 12.00
# Visual Studio Version 16
VisualStudioVersion = 16.0.31112.23
MinimumVisualStudioVersion = 10.0.40219.1
Project("{FAE04EC0-301F-11D3-BF4B-00C04F79EFBC}") = "PowerZ", "PowerZ.csproj", "{7CEFA5D5-DF6D-49F0-867F-E2C1A6FD921A}"
EndProject
Global
	GlobalSection(SolutionConfigurationPlatforms) = preSolution
		Debug|Any CPU = Debug|Any CPU
		Release|Any CPU = Release|Any CPU
	EndGlobalSection
	GlobalSection(ProjectConfigurationPlatforms) = postSolution
		{7CEFA5D5-DF6D-49F0-867F-E2C1A6FD921A}.Debug|Any CPU.ActiveCfg = Debug|Any CPU
		{7CEFA5D5-DF6D-49F0-867F-E2C1A6FD921A}.Debug|Any CPU.Build.0 = Debug|Any CPU
		{7CEFA5D5-DF6D-49F0-867F-E2C1A6FD921A}.Release|Any CPU.ActiveCfg = Release|Any CPU
		{7CEFA5D5-DF6D-49F0-867F-E2C1A6FD921A}.Release|Any CPU.Build.0 = Release|Any CPU
	EndGlobalSection
	GlobalSection(SolutionProperties) = preSolution
		HideSolutionNode = FALSE
	EndGlobalSection
	GlobalSection(ExtensibilityGlobals) = postSolution
		SolutionGuid = {49EBC3F8-7BEA-4DE3-AA42-6E0A7620B673}
	EndGlobalSection
EndGlobal
